# This file is autogenerated, do not edit; changes may be undone by the next 'dep ensure'.


[[projects]]
  name = "github.com/go-sql-driver/mysql"
  packages = ["."]
  revision = "d523deb1b23d913de5bdada721a6071e71283618"
  version = "v1.4.0"

[[projects]]
  name = "github.com/ogier/pflag"
  packages = ["."]
  revision = "32a05c62658bd1d7c7e75cbc8195de5d585fde0f"
  version = "v0.0.1"

[[projects]]
  branch = "master"
  name = "golang.org/x/crypto"
  packages = [
    "bcrypt",
    "blowfish"
  ]
  revision = "a49355c7e3f8fe157a85be2f77e6e269a0f89602"

[[projects]]
  name = "google.golang.org/appengine"
  packages = ["cloudsql"]
  revision = "b1f26356af11148e710935ed1ac8a7f5702c7612"
  version = "v1.1.0"

[[projects]]
  name = "maunium.net/go/maulogger"
  packages = ["."]
  revision = "64f0aa33b6c51313e15575257db71dec44fe7988"
  version = "v1.0"

[[projects]]
  branch = "master"
  name = "maunium.net/go/mauth"
  packages = ["."]
  revision = "23770671cf429bd73e430c33746592941b6e1c63"

[solve-meta]
  analyzer-name = "dep"
  analyzer-version = 1
  inputs-digest = "24d2e881d811fcc152291b72e652ddc580dfa529c5635fe5ab1b79831dc75083"
  solver-name = "gps-cdcl"
  solver-version = 1
